<Solution>
  <Project Path="Assembly-CSharp.csproj" />
  <Project Path="Coffee.UIEffect.csproj" />
  <Project Path="Coffee.SoftMaskForUGUI.csproj" />
  <Project Path="Coffee.UIParticle.csproj" />
  <Project Path="Coffee.UIEffect.Editor.csproj" />
  <Project Path="Coffee.SoftMaskForUGUI.Editor.csproj" />
  <Project Path="Assembly-CSharp-Editor.csproj" />
  <Project Path="Coffee.UIParticle.Editor.csproj" />
</Solution>
